
Microsoft Visual Studio Solution File, Format Version 12.00
# Visual Studio 15
VisualStudioVersion = 15.0.27004.2006
MinimumVisualStudioVersion = 10.0.40219.1
Project("{FAE04EC0-301F-11D3-BF4B-00C04F79EFBC}") = "Dora.Weixin", "Dora.Weixin\Dora.Weixin.csproj", "{C20848A9-58E6-4C48-91AD-4EC8CB4656D9}"
EndProject
Project("{9A19103F-16F7-4668-BE54-9A1E7A4F7556}") = "Dora.Weixin.MP", "Dora.Weixin.MP\Dora.Weixin.MP.csproj", "{C37D8830-81FC-4943-8456-A34F233B806E}"
EndProject
Global
	GlobalSection(SolutionConfigurationPlatforms) = preSolution
		Debug|Any CPU = Debug|Any CPU
		Release|Any CPU = Release|Any CPU
	EndGlobalSection
	GlobalSection(ProjectConfigurationPlatforms) = postSolution
		{C20848A9-58E6-4C48-91AD-4EC8CB4656D9}.Debug|Any CPU.ActiveCfg = Debug|Any CPU
		{C20848A9-58E6-4C48-91AD-4EC8CB4656D9}.Debug|Any CPU.Build.0 = Debug|Any CPU
		{C20848A9-58E6-4C48-91AD-4EC8CB4656D9}.Release|Any CPU.ActiveCfg = Release|Any CPU
		{C20848A9-58E6-4C48-91AD-4EC8CB4656D9}.Release|Any CPU.Build.0 = Release|Any CPU
		{C37D8830-81FC-4943-8456-A34F233B806E}.Debug|Any CPU.ActiveCfg = Debug|Any CPU
		{C37D8830-81FC-4943-8456-A34F233B806E}.Debug|Any CPU.Build.0 = Debug|Any CPU
		{C37D8830-81FC-4943-8456-A34F233B806E}.Release|Any CPU.ActiveCfg = Release|Any CPU
		{C37D8830-81FC-4943-8456-A34F233B806E}.Release|Any CPU.Build.0 = Release|Any CPU
	EndGlobalSection
	GlobalSection(SolutionProperties) = preSolution
		HideSolutionNode = FALSE
	EndGlobalSection
	GlobalSection(ExtensibilityGlobals) = postSolution
		SolutionGuid = {BB99458E-29AF-47B4-B94C-F4724774AB86}
	EndGlobalSection
EndGlobal
